
Microsoft Visual Studio Solution File, Format Version 12.00
# Visual Studio 15
VisualStudioVersion = 15.0.26228.4
MinimumVisualStudioVersion = 10.0.40219.1
Project("{FAE04EC0-301F-11D3-BF4B-00C04F79EFBC}") = "TeamFortressOutpostApi", "TeamFortressOutpostApi\TeamFortressOutpostApi.csproj", "{2AD6AB91-6492-427D-B06A-11F620451388}"
EndProject
Global
	GlobalSection(SolutionConfigurationPlatforms) = preSolution
		Debug|Any CPU = Debug|Any CPU
		Release|Any CPU = Release|Any CPU
	EndGlobalSection
	GlobalSection(ProjectConfigurationPlatforms) = postSolution
		{2AD6AB91-6492-427D-B06A-11F620451388}.Debug|Any CPU.ActiveCfg = Debug|Any CPU
		{2AD6AB91-6492-427D-B06A-11F620451388}.Debug|Any CPU.Build.0 = Debug|Any CPU
		{2AD6AB91-6492-427D-B06A-11F620451388}.Release|Any CPU.ActiveCfg = Release|Any CPU
		{2AD6AB91-6492-427D-B06A-11F620451388}.Release|Any CPU.Build.0 = Release|Any CPU
	EndGlobalSection
	GlobalSection(SolutionProperties) = preSolution
		HideSolutionNode = FALSE
	EndGlobalSection
EndGlobal
